
Microsoft Visual Studio Solution File, Format Version 12.00
# Visual Studio Version 16
VisualStudioVersion = 16.0.30711.63
MinimumVisualStudioVersion = 10.0.40219.1
Project("{FAE04EC0-301F-11D3-BF4B-00C04F79EFBC}") = "UoWApp", "UoWApp\UoWApp.csproj", "{71ADBA09-6192-4EBD-B194-376BB724BE3B}"
EndProject
Global
	GlobalSection(SolutionConfigurationPlatforms) = preSolution
		Debug|Any CPU = Debug|Any CPU
		Release|Any CPU = Release|Any CPU
	EndGlobalSection
	GlobalSection(ProjectConfigurationPlatforms) = postSolution
		{71ADBA09-6192-4EBD-B194-376BB724BE3B}.Debug|Any CPU.ActiveCfg = Debug|Any CPU
		{71ADBA09-6192-4EBD-B194-376BB724BE3B}.Debug|Any CPU.Build.0 = Debug|Any CPU
		{71ADBA09-6192-4EBD-B194-376BB724BE3B}.Release|Any CPU.ActiveCfg = Release|Any CPU
		{71ADBA09-6192-4EBD-B194-376BB724BE3B}.Release|Any CPU.Build.0 = Release|Any CPU
	EndGlobalSection
	GlobalSection(SolutionProperties) = preSolution
		HideSolutionNode = FALSE
	EndGlobalSection
	GlobalSection(ExtensibilityGlobals) = postSolution
		SolutionGuid = {3AFE821D-BE73-4A99-A0C4-D268FF33DFFA}
	EndGlobalSection
EndGlobal
